
Microsoft Visual Studio Solution File, Format Version 12.00
# Visual Studio Version 18
VisualStudioVersion = 18.3.11527.330 d18.3
MinimumVisualStudioVersion = 10.0.40219.1
Project("{FAE04EC0-301F-11D3-BF4B-00C04F79EFBC}") = "BackPredictFinance.Common", "BackPredictFinance.Common\BackPredictFinance.Common.csproj", "{7FE11342-E7C9-4617-BC12-282D7132C59B}"
EndProject
Project("{FAE04EC0-301F-11D3-BF4B-00C04F79EFBC}") = "BackPredictFinance.API", "BackPredictFinance.API\BackPredictFinance.API.csproj", "{6B45B0FC-57E2-FC90-3943-1F58A8B29D00}"
EndProject
Project("{FAE04EC0-301F-11D3-BF4B-00C04F79EFBC}") = "BackPredictFinance.Datas", "BackPredictFinance.Datas\BackPredictFinance.Datas.csproj", "{24E8D141-C871-EF6F-3CA6-A984B60EFB91}"
EndProject
Project("{FAE04EC0-301F-11D3-BF4B-00C04F79EFBC}") = "BackPredictFinance.Services", "BackPredictFinance.Services\BackPredictFinance.Services.csproj", "{7A61F939-6CC9-35C8-5DA8-9D17AE255E07}"
EndProject
Project("{FAE04EC0-301F-11D3-BF4B-00C04F79EFBC}") = "BackPredictFinance.Tests", "BackPredictFinance.Tests\BackPredictFinance.Tests.csproj", "{941AC09C-AD29-636B-059C-0D3E59AC73CC}"
EndProject
Project("{FAE04EC0-301F-11D3-BF4B-00C04F79EFBC}") = "BackPredictFinance.ViewModels", "BackPredictFinance.ViewModels\BackPredictFinance.ViewModels.csproj", "{614C4052-7A96-A1C5-0F35-A417527641C0}"
EndProject
Project("{FAE04EC0-301F-11D3-BF4B-00C04F79EFBC}") = "BackPredictFinance.Contracts", "BackPredictFinance.Contracts\BackPredictFinance.Contracts.csproj", "{6D0580D8-2FC2-40EF-B149-D8B81E3BF7F0}"
EndProject
Global
	GlobalSection(SolutionConfigurationPlatforms) = preSolution
		Debug|Any CPU = Debug|Any CPU
		Release|Any CPU = Release|Any CPU
	EndGlobalSection
	GlobalSection(ProjectConfigurationPlatforms) = postSolution
		{7FE11342-E7C9-4617-BC12-282D7132C59B}.Debug|Any CPU.ActiveCfg = Debug|Any CPU
		{7FE11342-E7C9-4617-BC12-282D7132C59B}.Debug|Any CPU.Build.0 = Debug|Any CPU
		{7FE11342-E7C9-4617-BC12-282D7132C59B}.Release|Any CPU.ActiveCfg = Release|Any CPU
		{7FE11342-E7C9-4617-BC12-282D7132C59B}.Release|Any CPU.Build.0 = Release|Any CPU
		{6B45B0FC-57E2-FC90-3943-1F58A8B29D00}.Debug|Any CPU.ActiveCfg = Debug|Any CPU
		{6B45B0FC-57E2-FC90-3943-1F58A8B29D00}.Debug|Any CPU.Build.0 = Debug|Any CPU
		{6B45B0FC-57E2-FC90-3943-1F58A8B29D00}.Release|Any CPU.ActiveCfg = Release|Any CPU
		{6B45B0FC-57E2-FC90-3943-1F58A8B29D00}.Release|Any CPU.Build.0 = Release|Any CPU
		{24E8D141-C871-EF6F-3CA6-A984B60EFB91}.Debug|Any CPU.ActiveCfg = Debug|Any CPU
		{24E8D141-C871-EF6F-3CA6-A984B60EFB91}.Debug|Any CPU.Build.0 = Debug|Any CPU
		{24E8D141-C871-EF6F-3CA6-A984B60EFB91}.Release|Any CPU.ActiveCfg = Release|Any CPU
		{24E8D141-C871-EF6F-3CA6-A984B60EFB91}.Release|Any CPU.Build.0 = Release|Any CPU
		{7A61F939-6CC9-35C8-5DA8-9D17AE255E07}.Debug|Any CPU.ActiveCfg = Debug|Any CPU
		{7A61F939-6CC9-35C8-5DA8-9D17AE255E07}.Debug|Any CPU.Build.0 = Debug|Any CPU
		{7A61F939-6CC9-35C8-5DA8-9D17AE255E07}.Release|Any CPU.ActiveCfg = Release|Any CPU
		{7A61F939-6CC9-35C8-5DA8-9D17AE255E07}.Release|Any CPU.Build.0 = Release|Any CPU
		{941AC09C-AD29-636B-059C-0D3E59AC73CC}.Debug|Any CPU.ActiveCfg = Debug|Any CPU
		{941AC09C-AD29-636B-059C-0D3E59AC73CC}.Debug|Any CPU.Build.0 = Debug|Any CPU
		{941AC09C-AD29-636B-059C-0D3E59AC73CC}.Release|Any CPU.ActiveCfg = Release|Any CPU
		{941AC09C-AD29-636B-059C-0D3E59AC73CC}.Release|Any CPU.Build.0 = Release|Any CPU
		{614C4052-7A96-A1C5-0F35-A417527641C0}.Debug|Any CPU.ActiveCfg = Debug|Any CPU
		{614C4052-7A96-A1C5-0F35-A417527641C0}.Debug|Any CPU.Build.0 = Debug|Any CPU
		{614C4052-7A96-A1C5-0F35-A417527641C0}.Release|Any CPU.ActiveCfg = Release|Any CPU
		{614C4052-7A96-A1C5-0F35-A417527641C0}.Release|Any CPU.Build.0 = Release|Any CPU
		{6D0580D8-2FC2-40EF-B149-D8B81E3BF7F0}.Debug|Any CPU.ActiveCfg = Debug|Any CPU
		{6D0580D8-2FC2-40EF-B149-D8B81E3BF7F0}.Debug|Any CPU.Build.0 = Debug|Any CPU
		{6D0580D8-2FC2-40EF-B149-D8B81E3BF7F0}.Release|Any CPU.ActiveCfg = Release|Any CPU
		{6D0580D8-2FC2-40EF-B149-D8B81E3BF7F0}.Release|Any CPU.Build.0 = Release|Any CPU
	EndGlobalSection
	GlobalSection(SolutionProperties) = preSolution
		HideSolutionNode = FALSE
	EndGlobalSection
	GlobalSection(ExtensibilityGlobals) = postSolution
		SolutionGuid = {362ECE3C-D580-4972-A25B-3C6D1488102F}
	EndGlobalSection
EndGlobal
